
Microsoft Visual Studio Solution File, Format Version 11.00
# Visual Studio 2010
Project("{FAE04EC0-301F-11D3-BF4B-00C04F79EFBC}") = "WebAPI", "WebAPI\WebAPI.csproj", "{8A2BA3E9-A9A7-4F06-923A-3140EB6D4876}"
EndProject
Project("{FAE04EC0-301F-11D3-BF4B-00C04F79EFBC}") = "WebAPI.Tests", "WebAPI.Tests\WebAPI.Tests.csproj", "{D9EC506C-9CD8-4191-A754-098C73E1B39B}"
EndProject
Global
	GlobalSection(SolutionConfigurationPlatforms) = preSolution
		Debug|Any CPU = Debug|Any CPU
		Release|Any CPU = Release|Any CPU
	EndGlobalSection
	GlobalSection(ProjectConfigurationPlatforms) = postSolution
		{8A2BA3E9-A9A7-4F06-923A-3140EB6D4876}.Debug|Any CPU.ActiveCfg = Debug|Any CPU
		{8A2BA3E9-A9A7-4F06-923A-3140EB6D4876}.Debug|Any CPU.Build.0 = Debug|Any CPU
		{8A2BA3E9-A9A7-4F06-923A-3140EB6D4876}.Release|Any CPU.ActiveCfg = Release|Any CPU
		{8A2BA3E9-A9A7-4F06-923A-3140EB6D4876}.Release|Any CPU.Build.0 = Release|Any CPU
		{D9EC506C-9CD8-4191-A754-098C73E1B39B}.Debug|Any CPU.ActiveCfg = Debug|Any CPU
		{D9EC506C-9CD8-4191-A754-098C73E1B39B}.Debug|Any CPU.Build.0 = Debug|Any CPU
		{D9EC506C-9CD8-4191-A754-098C73E1B39B}.Release|Any CPU.ActiveCfg = Release|Any CPU
		{D9EC506C-9CD8-4191-A754-098C73E1B39B}.Release|Any CPU.Build.0 = Release|Any CPU
	EndGlobalSection
	GlobalSection(SolutionProperties) = preSolution
		HideSolutionNode = FALSE
	EndGlobalSection
EndGlobal
